// !$*UTF8*$!
{
	archiveVersion = 1;
	classes = {
	};
	objectVersion = 46;
	objects = {

/* Begin PBXBuildFile section */
		FCB538901DE6D577008B3886 /* AppDelegate.swift in Sources */ = {isa = PBXBuildFile; fileRef = FCB5388F1DE6D577008B3886 /* AppDelegate.swift */; };
		FCB538921DE6D577008B3886 /* ViewController.swift in Sources */ = {isa = PBXBuildFile; fileRef = FCB538911DE6D577008B3886 /* ViewController.swift */; };
		FCB538951DE6D577008B3886 /* Main.storyboard in Resources */ = {isa = PBXBuildFile; fileRef = FCB538931DE6D577008B3886 /* Main.storyboard */; };
		FCB538971DE6D577008B3886 /* Assets.xcassets in Resources */ = {isa = PBXBuildFile; fileRef = FCB538961DE6D577008B3886 /* Assets.xcassets */; };
		FCB5389A1DE6D577008B3886 /* LaunchScreen.storyboard in Resources */ = {isa = PBXBuildFile; fileRef = FCB538981DE6D577008B3886 /* LaunchScreen.storyboard */; };
		FCB538A51DE6D577008B3886 /* CreditManageAppTests.swift in Sources */ = {isa = PBXBuildFile; fileRef = FCB538A41DE6D577008B3886 /* CreditManageAppTests.swift */; };
		FCB538B01DE6D577008B3886 /* CreditManageAppUITests.swift in Sources */ = {isa = PBXBuildFile; fileRef = FCB538AF1DE6D577008B3886 /* CreditManageAppUITests.swift */; };
/* End PBXBuildFile section */

/* Begin PBXContainerItemProxy section */
		FCB538A11DE6D577008B3886 /* PBXContainerItemProxy */ = {
			isa = PBXContainerItemProxy;
			containerPortal = FCB538841DE6D577008B3886 /* Project object */;
			proxyType = 1;
			remoteGlobalIDString = FCB5388B1DE6D577008B3886;
			remoteInfo = CreditManageApp;
		};
		FCB538AC1DE6D577008B3886 /* PBXContainerItemProxy */ = {
			isa = PBXContainerItemProxy;
			containerPortal = FCB538841DE6D577008B3886 /* Project object */;
			proxyType = 1;
			remoteGlobalIDString = FCB5388B1DE6D577008B3886;
			remoteInfo = CreditManageApp;
		};
/* End PBXContainerItemProxy section */

/* Begin PBXFileReference section */
		FCB5388C1DE6D577008B3886 /* CreditManageApp.app */ = {isa = PBXFileReference; explicitFileType = wrapper.application; includeInIndex = 0; path = CreditManageApp.app; sourceTree = BUILT_PRODUCTS_DIR; };
		FCB5388F1DE6D577008B3886 /* AppDelegate.swift */ = {isa = PBXFileReference; lastKnownFileType = sourcecode.swift; path = AppDelegate.swift; sourceTree = "<group>"; };
		FCB538911DE6D577008B3886 /* ViewController.swift */ = {isa = PBXFileReference; lastKnownFileType = sourcecode.swift; path = ViewController.swift; sourceTree = "<group>"; };
		FCB538941DE6D577008B3886 /* Base */ = {isa = PBXFileReference; lastKnownFileType = file.storyboard; name = Base; path = Base.lproj/Main.storyboard; sourceTree = "<group>"; };
		FCB538961DE6D577008B3886 /* Assets.xcassets */ = {isa = PBXFileReference; lastKnownFileType = folder.assetcatalog; path = Assets.xcassets; sourceTree = "<group>"; };
		FCB538991DE6D577008B3886 /* Base */ = {isa = PBXFileReference; lastKnownFileType = file.storyboard; name = Base; path = Base.lproj/LaunchScreen.storyboard; sourceTree = "<group>"; };
		FCB5389B1DE6D577008B3886 /* Info.plist */ = {isa = PBXFileReference; lastKnownFileType = text.plist.xml; path = Info.plist; sourceTree = "<group>"; };
		FCB538A01DE6D577008B3886 /* CreditManageAppTests.xctest */ = {isa = PBXFileReference; explicitFileType = wrapper.cfbundle; includeInIndex = 0; path = CreditManageAppTests.xctest; sourceTree = BUILT_PRODUCTS_DIR; };
		FCB538A41DE6D577008B3886 /* CreditManageAppTests.swift */ = {isa = PBXFileReference; lastKnownFileType = sourcecode.swift; path = CreditManageAppTests.swift; sourceTree = "<group>"; };
		FCB538A61DE6D577008B3886 /* Info.plist */ = {isa = PBXFileReference; lastKnownFileType = text.plist.xml; path = Info.plist; sourceTree = "<group>"; };
		FCB538AB1DE6D577008B3886 /* CreditManageAppUITests.xctest */ = {isa = PBXFileReference; explicitFileType = wrapper.cfbundle; includeInIndex = 0; path = CreditManageAppUITests.xctest; sourceTree = BUILT_PRODUCTS_DIR; };
		FCB538AF1DE6D577008B3886 /* CreditManageAppUITests.swift */ = {isa = PBXFileReference; lastKnownFileType = sourcecode.swift; path = CreditManageAppUITests.swift; sourceTree = "<group>"; };
		FCB538B11DE6D577008B3886 /* Info.plist */ = {isa = PBXFileReference; lastKnownFileType = text.plist.xml; path = Info.plist; sourceTree = "<group>"; };
/* End PBXFileReference section */

/* Begin PBXFrameworksBuildPhase section */
		FCB538891DE6D577008B3886 /* Frameworks */ = {
			isa = PBXFrameworksBuildPhase;
			buildActionMask = 2147483647;
			files = (
			);
			runOnlyForDeploymentPostprocessing = 0;
		};
		FCB5389D1DE6D577008B3886 /* Frameworks */ = {
			isa = PBXFrameworksBuildPhase;
			buildActionMask = 2147483647;
			files = (
			);
			runOnlyForDeploymentPostprocessing = 0;
		};
		FCB538A81DE6D577008B3886 /* Frameworks */ = {
			isa = PBXFrameworksBuildPhase;
			buildActionMask = 2147483647;
			files = (
			);
			runOnlyForDeploymentPostprocessing = 0;
		};
/* End PBXFrameworksBuildPhase section */

/* Begin PBXGroup section */
		FCB538831DE6D577008B3886 = {
			isa = PBXGroup;
			children = (
				FCB5388E1DE6D577008B3886 /* CreditManageApp */,
				FCB538A31DE6D577008B3886 /* CreditManageAppTests */,
				FCB538AE1DE6D577008B3886 /* CreditManageAppUITests */,
				FCB5388D1DE6D577008B3886 /* Products */,
			);
			sourceTree = "<group>";
		};
		FCB5388D1DE6D577008B3886 /* Products */ = {
			isa = PBXGroup;
			children = (
				FCB5388C1DE6D577008B3886 /* CreditManageApp.app */,
				FCB538A01DE6D577008B3886 /* CreditManageAppTests.xctest */,
				FCB538AB1DE6D577008B3886 /* CreditManageAppUITests.xctest */,
			);
			name = Products;
			sourceTree = "<group>";
		};
		FCB5388E1DE6D577008B3886 /* CreditManageApp */ = {
			isa = PBXGroup;
			children = (
				FCB5388F1DE6D577008B3886 /* AppDelegate.swift */,
				FCB538911DE6D577008B3886 /* ViewController.swift */,
				FCB538931DE6D577008B3886 /* Main.storyboard */,
				FCB538961DE6D577008B3886 /* Assets.xcassets */,
				FCB538981DE6D577008B3886 /* LaunchScreen.storyboard */,
				FCB5389B1DE6D577008B3886 /* Info.plist */,
			);
			path = CreditManageApp;
			sourceTree = "<group>";
		};
		FCB538A31DE6D577008B3886 /* CreditManageAppTests */ = {
			isa = PBXGroup;
			children = (
				FCB538A41DE6D577008B3886 /* CreditManageAppTests.swift */,
				FCB538A61DE6D577008B3886 /* Info.plist */,
			);
			path = CreditManageAppTests;
			sourceTree = "<group>";
		};
		FCB538AE1DE6D577008B3886 /* CreditManageAppUITests */ = {
			isa = PBXGroup;
			children = (
				FCB538AF1DE6D577008B3886 /* CreditManageAppUITests.swift */,
				FCB538B11DE6D577008B3886 /* Info.plist */,
			);
			path = CreditManageAppUITests;
			sourceTree = "<group>";
		};
/* End PBXGroup section */

/* Begin PBXNativeTarget section */
		FCB5388B1DE6D577008B3886 /* CreditManageApp */ = {
			isa = PBXNativeTarget;
			buildConfigurationList = FCB538B41DE6D577008B3886 /* Build configuration list for PBXNativeTarget "CreditManageApp" */;
			buildPhases = (
				FCB538881DE6D577008B3886 /* Sources */,
				FCB538891DE6D577008B3886 /* Frameworks */,
				FCB5388A1DE6D577008B3886 /* Resources */,
			);
			buildRules = (
			);
			dependencies = (
			);
			name = CreditManageApp;
			productName = CreditManageApp;
			productReference = FCB5388C1DE6D577008B3886 /* CreditManageApp.app */;
			productType = "com.apple.product-type.application";
		};
		FCB5389F1DE6D577008B3886 /* CreditManageAppTests */ = {
			isa = PBXNativeTarget;
			buildConfigurationList = FCB538B71DE6D577008B3886 /* Build configuration list for PBXNativeTarget "CreditManageAppTests" */;
			buildPhases = (
				FCB5389C1DE6D577008B3886 /* Sources */,
				FCB5389D1DE6D577008B3886 /* Frameworks */,
				FCB5389E1DE6D577008B3886 /* Resources */,
			);
			buildRules = (
			);
			dependencies = (
				FCB538A21DE6D577008B3886 /* PBXTargetDependency */,
			);
			name = CreditManageAppTests;
			productName = CreditManageAppTests;
			productReference = FCB538A01DE6D577008B3886 /* CreditManageAppTests.xctest */;
			productType = "com.apple.product-type.bundle.unit-test";
		};
		FCB538AA1DE6D577008B3886 /* CreditManageAppUITests */ = {
			isa = PBXNativeTarget;
			buildConfigurationList = FCB538BA1DE6D577008B3886 /* Build configuration list for PBXNativeTarget "CreditManageAppUITests" */;
			buildPhases = (
				FCB538A71DE6D577008B3886 /* Sources */,
				FCB538A81DE6D577008B3886 /* Frameworks */,
				FCB538A91DE6D577008B3886 /* Resources */,
			);
			buildRules = (
			);
			dependencies = (
				FCB538AD1DE6D577008B3886 /* PBXTargetDependency */,
			);
			name = CreditManageAppUITests;
			productName = CreditManageAppUITests;
			productReference = FCB538AB1DE6D577008B3886 /* CreditManageAppUITests.xctest */;
			productType = "com.apple.product-type.bundle.ui-testing";
		};
/* End PBXNativeTarget section */

/* Begin PBXProject section */
		FCB538841DE6D577008B3886 /* Project object */ = {
			isa = PBXProject;
			attributes = {
				LastSwiftUpdateCheck = 0720;
				LastUpgradeCheck = 0720;
				ORGANIZATIONNAME = "ieModeling2016-F";
				TargetAttributes = {
					FCB5388B1DE6D577008B3886 = {
						CreatedOnToolsVersion = 7.2.1;
						DevelopmentTeam = DUEXD9A68T;
					};
					FCB5389F1DE6D577008B3886 = {
						CreatedOnToolsVersion = 7.2.1;
						DevelopmentTeam = DUEXD9A68T;
						TestTargetID = FCB5388B1DE6D577008B3886;
					};
					FCB538AA1DE6D577008B3886 = {
						CreatedOnToolsVersion = 7.2.1;
						DevelopmentTeam = DUEXD9A68T;
						TestTargetID = FCB5388B1DE6D577008B3886;
					};
				};
			};
			buildConfigurationList = FCB538871DE6D577008B3886 /* Build configuration list for PBXProject "CreditManageApp" */;
			compatibilityVersion = "Xcode 3.2";
			developmentRegion = English;
			hasScannedForEncodings = 0;
			knownRegions = (
				en,
				Base,
			);
			mainGroup = FCB538831DE6D577008B3886;
			productRefGroup = FCB5388D1DE6D577008B3886 /* Products */;
			projectDirPath = "";
			projectRoot = "";
			targets = (
				FCB5388B1DE6D577008B3886 /* CreditManageApp */,
				FCB5389F1DE6D577008B3886 /* CreditManageAppTests */,
				FCB538AA1DE6D577008B3886 /* CreditManageAppUITests */,
			);
		};
/* End PBXProject section */

/* Begin PBXResourcesBuildPhase section */
		FCB5388A1DE6D577008B3886 /* Resources */ = {
			isa = PBXResourcesBuildPhase;
			buildActionMask = 2147483647;
			files = (
				FCB5389A1DE6D577008B3886 /* LaunchScreen.storyboard in Resources */,
				FCB538971DE6D577008B3886 /* Assets.xcassets in Resources */,
				FCB538951DE6D577008B3886 /* Main.storyboard in Resources */,
			);
			runOnlyForDeploymentPostprocessing = 0;
		};
		FCB5389E1DE6D577008B3886 /* Resources */ = {
			isa = PBXResourcesBuildPhase;
			buildActionMask = 2147483647;
			files = (
			);
			runOnlyForDeploymentPostprocessing = 0;
		};
		FCB538A91DE6D577008B3886 /* Resources */ = {
			isa = PBXResourcesBuildPhase;
			buildActionMask = 2147483647;
			files = (
			);
			runOnlyForDeploymentPostprocessing = 0;
		};
/* End PBXResourcesBuildPhase section */

/* Begin PBXSourcesBuildPhase section */
		FCB538881DE6D577008B3886 /* Sources */ = {
			isa = PBXSourcesBuildPhase;
			buildActionMask = 2147483647;
			files = (
				FCB538921DE6D577008B3886 /* ViewController.swift in Sources */,
				FCB538901DE6D577008B3886 /* AppDelegate.swift in Sources */,
			);
			runOnlyForDeploymentPostprocessing = 0;
		};
		FCB5389C1DE6D577008B3886 /* Sources */ = {
			isa = PBXSourcesBuildPhase;
			buildActionMask = 2147483647;
			files = (
				FCB538A51DE6D577008B3886 /* CreditManageAppTests.swift in Sources */,
			);
			runOnlyForDeploymentPostprocessing = 0;
		};
		FCB538A71DE6D577008B3886 /* Sources */ = {
			isa = PBXSourcesBuildPhase;
			buildActionMask = 2147483647;
			files = (
				FCB538B01DE6D577008B3886 /* CreditManageAppUITests.swift in Sources */,
			);
			runOnlyForDeploymentPostprocessing = 0;
		};
/* End PBXSourcesBuildPhase section */

/* Begin PBXTargetDependency section */
		FCB538A21DE6D577008B3886 /* PBXTargetDependency */ = {
			isa = PBXTargetDependency;
			target = FCB5388B1DE6D577008B3886 /* CreditManageApp */;
			targetProxy = FCB538A11DE6D577008B3886 /* PBXContainerItemProxy */;
		};
		FCB538AD1DE6D577008B3886 /* PBXTargetDependency */ = {
			isa = PBXTargetDependency;
			target = FCB5388B1DE6D577008B3886 /* CreditManageApp */;
			targetProxy = FCB538AC1DE6D577008B3886 /* PBXContainerItemProxy */;
		};
/* End PBXTargetDependency section */

/* Begin PBXVariantGroup section */
		FCB538931DE6D577008B3886 /* Main.storyboard */ = {
			isa = PBXVariantGroup;
			children = (
				FCB538941DE6D577008B3886 /* Base */,
			);
			name = Main.storyboard;
			sourceTree = "<group>";
		};
		FCB538981DE6D577008B3886 /* LaunchScreen.storyboard */ = {
			isa = PBXVariantGroup;
			children = (
				FCB538991DE6D577008B3886 /* Base */,
			);
			name = LaunchScreen.storyboard;
			sourceTree = "<group>";
		};
/* End PBXVariantGroup section */

/* Begin XCBuildConfiguration section */
		FCB538B21DE6D577008B3886 /* Debug */ = {
			isa = XCBuildConfiguration;
			buildSettings = {
				ALWAYS_SEARCH_USER_PATHS = NO;
				CLANG_CXX_LANGUAGE_STANDARD = "gnu++0x";
				CLANG_CXX_LIBRARY = "libc++";
				CLANG_ENABLE_MODULES = YES;
				CLANG_ENABLE_OBJC_ARC = YES;
				CLANG_WARN_BOOL_CONVERSION = YES;
				CLANG_WARN_CONSTANT_CONVERSION = YES;
				CLANG_WARN_DIRECT_OBJC_ISA_USAGE = YES_ERROR;
				CLANG_WARN_EMPTY_BODY = YES;
				CLANG_WARN_ENUM_CONVERSION = YES;
				CLANG_WARN_INT_CONVERSION = YES;
				CLANG_WARN_OBJC_ROOT_CLASS = YES_ERROR;
				CLANG_WARN_UNREACHABLE_CODE = YES;
				CLANG_WARN__DUPLICATE_METHOD_MATCH = YES;
				"CODE_SIGN_IDENTITY[sdk=iphoneos*]" = "iPhone Developer";
				COPY_PHASE_STRIP = NO;
				DEBUG_INFORMATION_FORMAT = dwarf;
				ENABLE_STRICT_OBJC_MSGSEND = YES;
				ENABLE_TESTABILITY = YES;
				GCC_C_LANGUAGE_STANDARD = gnu99;
				GCC_DYNAMIC_NO_PIC = NO;
				GCC_NO_COMMON_BLOCKS = YES;
				GCC_OPTIMIZATION_LEVEL = 0;
				GCC_PREPROCESSOR_DEFINITIONS = (
					"DEBUG=1",
					"$(inherited)",
				);
				GCC_WARN_64_TO_32_BIT_CONVERSION = YES;
				GCC_WARN_ABOUT_RETURN_TYPE = YES_ERROR;
				GCC_WARN_UNDECLARED_SELECTOR = YES;
				GCC_WARN_UNINITIALIZED_AUTOS = YES_AGGRESSIVE;
				GCC_WARN_UNUSED_FUNCTION = YES;
				GCC_WARN_UNUSED_VARIABLE = YES;
				IPHONEOS_DEPLOYMENT_TARGET = 9.2;
				MTL_ENABLE_DEBUG_INFO = YES;
				ONLY_ACTIVE_ARCH = YES;
				SDKROOT = iphoneos;
				SWIFT_OPTIMIZATION_LEVEL = "-Onone";
				TARGETED_DEVICE_FAMILY = "1,2";
			};
			name = Debug;
		};
		FCB538B31DE6D577008B3886 /* Release */ = {
			isa = XCBuildConfiguration;
			buildSettings = {
				ALWAYS_SEARCH_USER_PATHS = NO;
				CLANG_CXX_LANGUAGE_STANDARD = "gnu++0x";
				CLANG_CXX_LIBRARY = "libc++";
				CLANG_ENABLE_MODULES = YES;
				CLANG_ENABLE_OBJC_ARC = YES;
				CLANG_WARN_BOOL_CONVERSION = YES;
				CLANG_WARN_CONSTANT_CONVERSION = YES;
				CLANG_WARN_DIRECT_OBJC_ISA_USAGE = YES_ERROR;
				CLANG_WARN_EMPTY_BODY = YES;
				CLANG_WARN_ENUM_CONVERSION = YES;
				CLANG_WARN_INT_CONVERSION = YES;
				CLANG_WARN_OBJC_ROOT_CLASS = YES_ERROR;
				CLANG_WARN_UNREACHABLE_CODE = YES;
				CLANG_WARN__DUPLICATE_METHOD_MATCH = YES;
				"CODE_SIGN_IDENTITY[sdk=iphoneos*]" = "iPhone Developer";
				COPY_PHASE_STRIP = NO;
				DEBUG_INFORMATION_FORMAT = "dwarf-with-dsym";
				ENABLE_NS_ASSERTIONS = NO;
				ENABLE_STRICT_OBJC_MSGSEND = YES;
				GCC_C_LANGUAGE_STANDARD = gnu99;
				GCC_NO_COMMON_BLOCKS = YES;
				GCC_WARN_64_TO_32_BIT_CONVERSION = YES;
				GCC_WARN_ABOUT_RETURN_TYPE = YES_ERROR;
				GCC_WARN_UNDECLARED_SELECTOR = YES;
				GCC_WARN_UNINITIALIZED_AUTOS = YES_AGGRESSIVE;
				GCC_WARN_UNUSED_FUNCTION = YES;
				GCC_WARN_UNUSED_VARIABLE = YES;
				IPHONEOS_DEPLOYMENT_TARGET = 9.2;
				MTL_ENABLE_DEBUG_INFO = NO;
				SDKROOT = iphoneos;
				TARGETED_DEVICE_FAMILY = "1,2";
				VALIDATE_PRODUCT = YES;
			};
			name = Release;
		};
		FCB538B51DE6D577008B3886 /* Debug */ = {
			isa = XCBuildConfiguration;
			buildSettings = {
				ASSETCATALOG_COMPILER_APPICON_NAME = AppIcon;
				INFOPLIST_FILE = CreditManageApp/Info.plist;
				LD_RUNPATH_SEARCH_PATHS = "$(inherited) @executable_path/Frameworks";
				PRODUCT_BUNDLE_IDENTIFIER = "jp.ac.u-ryukyu.ieModeling2016-F.CreditManageApp";
				PRODUCT_NAME = "$(TARGET_NAME)";
			};
			name = Debug;
		};
		FCB538B61DE6D577008B3886 /* Release */ = {
			isa = XCBuildConfiguration;
			buildSettings = {
				ASSETCATALOG_COMPILER_APPICON_NAME = AppIcon;
				INFOPLIST_FILE = CreditManageApp/Info.plist;
				LD_RUNPATH_SEARCH_PATHS = "$(inherited) @executable_path/Frameworks";
				PRODUCT_BUNDLE_IDENTIFIER = "jp.ac.u-ryukyu.ieModeling2016-F.CreditManageApp";
				PRODUCT_NAME = "$(TARGET_NAME)";
			};
			name = Release;
		};
		FCB538B81DE6D577008B3886 /* Debug */ = {
			isa = XCBuildConfiguration;
			buildSettings = {
				BUNDLE_LOADER = "$(TEST_HOST)";
				INFOPLIST_FILE = CreditManageAppTests/Info.plist;
				LD_RUNPATH_SEARCH_PATHS = "$(inherited) @executable_path/Frameworks @loader_path/Frameworks";
				PRODUCT_BUNDLE_IDENTIFIER = "jp.ac.u-ryukyu.ieModeling2016-F.CreditManageAppTests";
				PRODUCT_NAME = "$(TARGET_NAME)";
				TEST_HOST = "$(BUILT_PRODUCTS_DIR)/CreditManageApp.app/CreditManageApp";
			};
			name = Debug;
		};
		FCB538B91DE6D577008B3886 /* Release */ = {
			isa = XCBuildConfiguration;
			buildSettings = {
				BUNDLE_LOADER = "$(TEST_HOST)";
				INFOPLIST_FILE = CreditManageAppTests/Info.plist;
				LD_RUNPATH_SEARCH_PATHS = "$(inherited) @executable_path/Frameworks @loader_path/Frameworks";
				PRODUCT_BUNDLE_IDENTIFIER = "jp.ac.u-ryukyu.ieModeling2016-F.CreditManageAppTests";
				PRODUCT_NAME = "$(TARGET_NAME)";
				TEST_HOST = "$(BUILT_PRODUCTS_DIR)/CreditManageApp.app/CreditManageApp";
			};
			name = Release;
		};
		FCB538BB1DE6D577008B3886 /* Debug */ = {
			isa = XCBuildConfiguration;
			buildSettings = {
				INFOPLIST_FILE = CreditManageAppUITests/Info.plist;
				LD_RUNPATH_SEARCH_PATHS = "$(inherited) @executable_path/Frameworks @loader_path/Frameworks";
				PRODUCT_BUNDLE_IDENTIFIER = "jp.ac.u-ryukyu.ieModeling2016-F.CreditManageAppUITests";
				PRODUCT_NAME = "$(TARGET_NAME)";
				TEST_TARGET_NAME = CreditManageApp;
				USES_XCTRUNNER = YES;
			};
			name = Debug;
		};
		FCB538BC1DE6D577008B3886 /* Release */ = {
			isa = XCBuildConfiguration;
			buildSettings = {
				INFOPLIST_FILE = CreditManageAppUITests/Info.plist;
				LD_RUNPATH_SEARCH_PATHS = "$(inherited) @executable_path/Frameworks @loader_path/Frameworks";
				PRODUCT_BUNDLE_IDENTIFIER = "jp.ac.u-ryukyu.ieModeling2016-F.CreditManageAppUITests";
				PRODUCT_NAME = "$(TARGET_NAME)";
				TEST_TARGET_NAME = CreditManageApp;
				USES_XCTRUNNER = YES;
			};
			name = Release;
		};
/* End XCBuildConfiguration section */

/* Begin XCConfigurationList section */
		FCB538871DE6D577008B3886 /* Build configuration list for PBXProject "CreditManageApp" */ = {
			isa = XCConfigurationList;
			buildConfigurations = (
				FCB538B21DE6D577008B3886 /* Debug */,
				FCB538B31DE6D577008B3886 /* Release */,
			);
			defaultConfigurationIsVisible = 0;
			defaultConfigurationName = Release;
		};
		FCB538B41DE6D577008B3886 /* Build configuration list for PBXNativeTarget "CreditManageApp" */ = {
			isa = XCConfigurationList;
			buildConfigurations = (
				FCB538B51DE6D577008B3886 /* Debug */,
				FCB538B61DE6D577008B3886 /* Release */,
			);
			defaultConfigurationIsVisible = 0;
		};
		FCB538B71DE6D577008B3886 /* Build configuration list for PBXNativeTarget "CreditManageAppTests" */ = {
			isa = XCConfigurationList;
			buildConfigurations = (
				FCB538B81DE6D577008B3886 /* Debug */,
				FCB538B91DE6D577008B3886 /* Release */,
			);
			defaultConfigurationIsVisible = 0;
		};
		FCB538BA1DE6D577008B3886 /* Build configuration list for PBXNativeTarget "CreditManageAppUITests" */ = {
			isa = XCConfigurationList;
			buildConfigurations = (
				FCB538BB1DE6D577008B3886 /* Debug */,
				FCB538BC1DE6D577008B3886 /* Release */,
			);
			defaultConfigurationIsVisible = 0;
		};
/* End XCConfigurationList section */
	};
	rootObject = FCB538841DE6D577008B3886 /* Project object */;
}
